// !$*UTF8*$!
{
	archiveVersion = 1;
	classes = {
	};
	objectVersion = 56;
	objects = {

/* Begin PBXBuildFile section */
		35251AC02C58B5670055E56B /* AppDelegate.swift in Sources */ = {isa = PBXBuildFile; fileRef = 35251ABF2C58B5670055E56B /* AppDelegate.swift */; };
		35251AC22C58B5670055E56B /* SceneDelegate.swift in Sources */ = {isa = PBXBuildFile; fileRef = 35251AC12C58B5670055E56B /* SceneDelegate.swift */; };
		35251AC42C58B5670055E56B /* BasicButtonViewController.swift in Sources */ = {isa = PBXBuildFile; fileRef = 35251AC32C58B5670055E56B /* BasicButtonViewController.swift */; };
		35251AC92C58B5680055E56B /* Assets.xcassets in Resources */ = {isa = PBXBuildFile; fileRef = 35251AC82C58B5680055E56B /* Assets.xcassets */; };
		35251ACC2C58B5680055E56B /* Base in Resources */ = {isa = PBXBuildFile; fileRef = 35251ACB2C58B5680055E56B /* Base */; };
		35251AD62C58C4C80055E56B /* PickerViewController.swift in Sources */ = {isa = PBXBuildFile; fileRef = 35251AD52C58C4C80055E56B /* PickerViewController.swift */; };
		35251AD82C58C4DC0055E56B /* TableViewViewController.swift in Sources */ = {isa = PBXBuildFile; fileRef = 35251AD72C58C4DC0055E56B /* TableViewViewController.swift */; };
		35251ADA2C58C4E80055E56B /* UISwitchViewController.swift in Sources */ = {isa = PBXBuildFile; fileRef = 35251AD92C58C4E80055E56B /* UISwitchViewController.swift */; };
		35251ADC2C58C4F90055E56B /* UITextFieldViewController.swift in Sources */ = {isa = PBXBuildFile; fileRef = 35251ADB2C58C4F90055E56B /* UITextFieldViewController.swift */; };
		35251ADE2C58C5180055E56B /* BasicOperatorViewController.swift in Sources */ = {isa = PBXBuildFile; fileRef = 35251ADD2C58C5180055E56B /* BasicOperatorViewController.swift */; };
		35251AE12C58CD0A0055E56B /* SnapKit in Frameworks */ = {isa = PBXBuildFile; productRef = 35251AE02C58CD0A0055E56B /* SnapKit */; };
		35251AE42C58CD250055E56B /* RxCocoa in Frameworks */ = {isa = PBXBuildFile; productRef = 35251AE32C58CD250055E56B /* RxCocoa */; };
		35251AE62C58CD250055E56B /* RxSwift in Frameworks */ = {isa = PBXBuildFile; productRef = 35251AE52C58CD250055E56B /* RxSwift */; };
		35251AE82C58CD4C0055E56B /* BaseViewController.swift in Sources */ = {isa = PBXBuildFile; fileRef = 35251AE72C58CD4C0055E56B /* BaseViewController.swift */; };
		354CCD252C5A862300DFF4CC /* AddingNumbers.swift in Sources */ = {isa = PBXBuildFile; fileRef = 354CCD242C5A862300DFF4CC /* AddingNumbers.swift */; };
		354CCD272C5A863300DFF4CC /* SimpleValidation.swift in Sources */ = {isa = PBXBuildFile; fileRef = 354CCD262C5A863300DFF4CC /* SimpleValidation.swift */; };
		354CCD292C5A864300DFF4CC /* SimpleTableViewExample.swift in Sources */ = {isa = PBXBuildFile; fileRef = 354CCD282C5A864300DFF4CC /* SimpleTableViewExample.swift */; };
		354CCD2C2C5A978000DFF4CC /* WireFrame.swift in Sources */ = {isa = PBXBuildFile; fileRef = 354CCD2B2C5A978000DFF4CC /* WireFrame.swift */; };
/* End PBXBuildFile section */

/* Begin PBXFileReference section */
		35251ABC2C58B5670055E56B /* RXSwifPractice.app */ = {isa = PBXFileReference; explicitFileType = wrapper.application; includeInIndex = 0; path = RXSwifPractice.app; sourceTree = BUILT_PRODUCTS_DIR; };
		35251ABF2C58B5670055E56B /* AppDelegate.swift */ = {isa = PBXFileReference; lastKnownFileType = sourcecode.swift; path = AppDelegate.swift; sourceTree = "<group>"; };
		35251AC12C58B5670055E56B /* SceneDelegate.swift */ = {isa = PBXFileReference; lastKnownFileType = sourcecode.swift; path = SceneDelegate.swift; sourceTree = "<group>"; };
		35251AC32C58B5670055E56B /* BasicButtonViewController.swift */ = {isa = PBXFileReference; lastKnownFileType = sourcecode.swift; path = BasicButtonViewController.swift; sourceTree = "<group>"; };
		35251AC82C58B5680055E56B /* Assets.xcassets */ = {isa = PBXFileReference; lastKnownFileType = folder.assetcatalog; path = Assets.xcassets; sourceTree = "<group>"; };
		35251ACB2C58B5680055E56B /* Base */ = {isa = PBXFileReference; lastKnownFileType = file.storyboard; name = Base; path = Base.lproj/LaunchScreen.storyboard; sourceTree = "<group>"; };
		35251ACD2C58B5680055E56B /* Info.plist */ = {isa = PBXFileReference; lastKnownFileType = text.plist.xml; path = Info.plist; sourceTree = "<group>"; };
		35251AD52C58C4C80055E56B /* PickerViewController.swift */ = {isa = PBXFileReference; lastKnownFileType = sourcecode.swift; path = PickerViewController.swift; sourceTree = "<group>"; };
		35251AD72C58C4DC0055E56B /* TableViewViewController.swift */ = {isa = PBXFileReference; lastKnownFileType = sourcecode.swift; path = TableViewViewController.swift; sourceTree = "<group>"; };
		35251AD92C58C4E80055E56B /* UISwitchViewController.swift */ = {isa = PBXFileReference; lastKnownFileType = sourcecode.swift; path = UISwitchViewController.swift; sourceTree = "<group>"; };
		35251ADB2C58C4F90055E56B /* UITextFieldViewController.swift */ = {isa = PBXFileReference; lastKnownFileType = sourcecode.swift; path = UITextFieldViewController.swift; sourceTree = "<group>"; };
		35251ADD2C58C5180055E56B /* BasicOperatorViewController.swift */ = {isa = PBXFileReference; lastKnownFileType = sourcecode.swift; path = BasicOperatorViewController.swift; sourceTree = "<group>"; };
		35251AE72C58CD4C0055E56B /* BaseViewController.swift */ = {isa = PBXFileReference; lastKnownFileType = sourcecode.swift; path = BaseViewController.swift; sourceTree = "<group>"; };
		354CCD242C5A862300DFF4CC /* AddingNumbers.swift */ = {isa = PBXFileReference; lastKnownFileType = sourcecode.swift; path = AddingNumbers.swift; sourceTree = "<group>"; };
		354CCD262C5A863300DFF4CC /* SimpleValidation.swift */ = {isa = PBXFileReference; lastKnownFileType = sourcecode.swift; path = SimpleValidation.swift; sourceTree = "<group>"; };
		354CCD282C5A864300DFF4CC /* SimpleTableViewExample.swift */ = {isa = PBXFileReference; lastKnownFileType = sourcecode.swift; path = SimpleTableViewExample.swift; sourceTree = "<group>"; };
		354CCD2B2C5A978000DFF4CC /* WireFrame.swift */ = {isa = PBXFileReference; lastKnownFileType = sourcecode.swift; path = WireFrame.swift; sourceTree = "<group>"; };
/* End PBXFileReference section */

/* Begin PBXFrameworksBuildPhase section */
		35251AB92C58B5670055E56B /* Frameworks */ = {
			isa = PBXFrameworksBuildPhase;
			buildActionMask = 2147483647;
			files = (
				35251AE62C58CD250055E56B /* RxSwift in Frameworks */,
				35251AE42C58CD250055E56B /* RxCocoa in Frameworks */,
				35251AE12C58CD0A0055E56B /* SnapKit in Frameworks */,
			);
			runOnlyForDeploymentPostprocessing = 0;
		};
/* End PBXFrameworksBuildPhase section */

/* Begin PBXGroup section */
		35251AB32C58B5670055E56B = {
			isa = PBXGroup;
			children = (
				35251ABE2C58B5670055E56B /* RXSwifPractice */,
				35251ABD2C58B5670055E56B /* Products */,
			);
			sourceTree = "<group>";
		};
		35251ABD2C58B5670055E56B /* Products */ = {
			isa = PBXGroup;
			children = (
				35251ABC2C58B5670055E56B /* RXSwifPractice.app */,
			);
			name = Products;
			sourceTree = "<group>";
		};
		35251ABE2C58B5670055E56B /* RXSwifPractice */ = {
			isa = PBXGroup;
			children = (
				35251AC32C58B5670055E56B /* BasicButtonViewController.swift */,
				35251AD52C58C4C80055E56B /* PickerViewController.swift */,
				35251AD72C58C4DC0055E56B /* TableViewViewController.swift */,
				35251AD92C58C4E80055E56B /* UISwitchViewController.swift */,
				35251ADB2C58C4F90055E56B /* UITextFieldViewController.swift */,
				35251ADD2C58C5180055E56B /* BasicOperatorViewController.swift */,
				354CCD242C5A862300DFF4CC /* AddingNumbers.swift */,
				354CCD262C5A863300DFF4CC /* SimpleValidation.swift */,
				354CCD282C5A864300DFF4CC /* SimpleTableViewExample.swift */,
				35251AC82C58B5680055E56B /* Assets.xcassets */,
				35251ACA2C58B5680055E56B /* LaunchScreen.storyboard */,
				35251ACD2C58B5680055E56B /* Info.plist */,
				35251AE72C58CD4C0055E56B /* BaseViewController.swift */,
				35251ABF2C58B5670055E56B /* AppDelegate.swift */,
				35251AC12C58B5670055E56B /* SceneDelegate.swift */,
				354CCD2B2C5A978000DFF4CC /* WireFrame.swift */,
			);
			path = RXSwifPractice;
			sourceTree = "<group>";
		};
/* End PBXGroup section */

/* Begin PBXNativeTarget section */
		35251ABB2C58B5670055E56B /* RXSwifPractice */ = {
			isa = PBXNativeTarget;
			buildConfigurationList = 35251AD02C58B5680055E56B /* Build configuration list for PBXNativeTarget "RXSwifPractice" */;
			buildPhases = (
				35251AB82C58B5670055E56B /* Sources */,
				35251AB92C58B5670055E56B /* Frameworks */,
				35251ABA2C58B5670055E56B /* Resources */,
			);
			buildRules = (
			);
			dependencies = (
			);
			name = RXSwifPractice;
			packageProductDependencies = (
				35251AE02C58CD0A0055E56B /* SnapKit */,
				35251AE32C58CD250055E56B /* RxCocoa */,
				35251AE52C58CD250055E56B /* RxSwift */,
			);
			productName = RXSwifPractice;
			productReference = 35251ABC2C58B5670055E56B /* RXSwifPractice.app */;
			productType = "com.apple.product-type.application";
		};
/* End PBXNativeTarget section */

/* Begin PBXProject section */
		35251AB42C58B5670055E56B /* Project object */ = {
			isa = PBXProject;
			attributes = {
				BuildIndependentTargetsInParallel = 1;
				LastSwiftUpdateCheck = 1530;
				LastUpgradeCheck = 1530;
				TargetAttributes = {
					35251ABB2C58B5670055E56B = {
						CreatedOnToolsVersion = 15.3;
					};
				};
			};
			buildConfigurationList = 35251AB72C58B5670055E56B /* Build configuration list for PBXProject "RXSwifPractice" */;
			compatibilityVersion = "Xcode 14.0";
			developmentRegion = en;
			hasScannedForEncodings = 0;
			knownRegions = (
				en,
				Base,
			);
			mainGroup = 35251AB32C58B5670055E56B;
			packageReferences = (
				35251ADF2C58CD0A0055E56B /* XCRemoteSwiftPackageReference "SnapKit" */,
				35251AE22C58CD250055E56B /* XCRemoteSwiftPackageReference "RxSwift" */,
			);
			productRefGroup = 35251ABD2C58B5670055E56B /* Products */;
			projectDirPath = "";
			projectRoot = "";
			targets = (
				35251ABB2C58B5670055E56B /* RXSwifPractice */,
			);
		};
/* End PBXProject section */

/* Begin PBXResourcesBuildPhase section */
		35251ABA2C58B5670055E56B /* Resources */ = {
			isa = PBXResourcesBuildPhase;
			buildActionMask = 2147483647;
			files = (
				35251AC92C58B5680055E56B /* Assets.xcassets in Resources */,
				35251ACC2C58B5680055E56B /* Base in Resources */,
			);
			runOnlyForDeploymentPostprocessing = 0;
		};
/* End PBXResourcesBuildPhase section */

/* Begin PBXSourcesBuildPhase section */
		35251AB82C58B5670055E56B /* Sources */ = {
			isa = PBXSourcesBuildPhase;
			buildActionMask = 2147483647;
			files = (
				35251ADC2C58C4F90055E56B /* UITextFieldViewController.swift in Sources */,
				354CCD252C5A862300DFF4CC /* AddingNumbers.swift in Sources */,
				35251AC42C58B5670055E56B /* BasicButtonViewController.swift in Sources */,
				354CCD272C5A863300DFF4CC /* SimpleValidation.swift in Sources */,
				35251AC02C58B5670055E56B /* AppDelegate.swift in Sources */,
				354CCD2C2C5A978000DFF4CC /* WireFrame.swift in Sources */,
				35251ADE2C58C5180055E56B /* BasicOperatorViewController.swift in Sources */,
				35251AD62C58C4C80055E56B /* PickerViewController.swift in Sources */,
				35251AE82C58CD4C0055E56B /* BaseViewController.swift in Sources */,
				354CCD292C5A864300DFF4CC /* SimpleTableViewExample.swift in Sources */,
				35251AC22C58B5670055E56B /* SceneDelegate.swift in Sources */,
				35251ADA2C58C4E80055E56B /* UISwitchViewController.swift in Sources */,
				35251AD82C58C4DC0055E56B /* TableViewViewController.swift in Sources */,
			);
			runOnlyForDeploymentPostprocessing = 0;
		};
/* End PBXSourcesBuildPhase section */

/* Begin PBXVariantGroup section */
		35251ACA2C58B5680055E56B /* LaunchScreen.storyboard */ = {
			isa = PBXVariantGroup;
			children = (
				35251ACB2C58B5680055E56B /* Base */,
			);
			name = LaunchScreen.storyboard;
			sourceTree = "<group>";
		};
/* End PBXVariantGroup section */

/* Begin XCBuildConfiguration section */
		35251ACE2C58B5680055E56B /* Debug */ = {
			isa = XCBuildConfiguration;
			buildSettings = {
				ALWAYS_SEARCH_USER_PATHS = NO;
				ASSETCATALOG_COMPILER_GENERATE_SWIFT_ASSET_SYMBOL_EXTENSIONS = YES;
				CLANG_ANALYZER_NONNULL = YES;
				CLANG_ANALYZER_NUMBER_OBJECT_CONVERSION = YES_AGGRESSIVE;
				CLANG_CXX_LANGUAGE_STANDARD = "gnu++20";
				CLANG_ENABLE_MODULES = YES;
				CLANG_ENABLE_OBJC_ARC = YES;
				CLANG_ENABLE_OBJC_WEAK = YES;
				CLANG_WARN_BLOCK_CAPTURE_AUTORELEASING = YES;
				CLANG_WARN_BOOL_CONVERSION = YES;
				CLANG_WARN_COMMA = YES;
				CLANG_WARN_CONSTANT_CONVERSION = YES;
				CLANG_WARN_DEPRECATED_OBJC_IMPLEMENTATIONS = YES;
				CLANG_WARN_DIRECT_OBJC_ISA_USAGE = YES_ERROR;
				CLANG_WARN_DOCUMENTATION_COMMENTS = YES;
				CLANG_WARN_EMPTY_BODY = YES;
				CLANG_WARN_ENUM_CONVERSION = YES;
				CLANG_WARN_INFINITE_RECURSION = YES;
				CLANG_WARN_INT_CONVERSION = YES;
				CLANG_WARN_NON_LITERAL_NULL_CONVERSION = YES;
				CLANG_WARN_OBJC_IMPLICIT_RETAIN_SELF = YES;
				CLANG_WARN_OBJC_LITERAL_CONVERSION = YES;
				CLANG_WARN_OBJC_ROOT_CLASS = YES_ERROR;
				CLANG_WARN_QUOTED_INCLUDE_IN_FRAMEWORK_HEADER = YES;
				CLANG_WARN_RANGE_LOOP_ANALYSIS = YES;
				CLANG_WARN_STRICT_PROTOTYPES = YES;
				CLANG_WARN_SUSPICIOUS_MOVE = YES;
				CLANG_WARN_UNGUARDED_AVAILABILITY = YES_AGGRESSIVE;
				CLANG_WARN_UNREACHABLE_CODE = YES;
				CLANG_WARN__DUPLICATE_METHOD_MATCH = YES;
				COPY_PHASE_STRIP = NO;
				DEBUG_INFORMATION_FORMAT = dwarf;
				ENABLE_STRICT_OBJC_MSGSEND = YES;
				ENABLE_TESTABILITY = YES;
				ENABLE_USER_SCRIPT_SANDBOXING = YES;
				GCC_C_LANGUAGE_STANDARD = gnu17;
				GCC_DYNAMIC_NO_PIC = NO;
				GCC_NO_COMMON_BLOCKS = YES;
				GCC_OPTIMIZATION_LEVEL = 0;
				GCC_PREPROCESSOR_DEFINITIONS = (
					"DEBUG=1",
					"$(inherited)",
				);
				GCC_WARN_64_TO_32_BIT_CONVERSION = YES;
				GCC_WARN_ABOUT_RETURN_TYPE = YES_ERROR;
				GCC_WARN_UNDECLARED_SELECTOR = YES;
				GCC_WARN_UNINITIALIZED_AUTOS = YES_AGGRESSIVE;
				GCC_WARN_UNUSED_FUNCTION = YES;
				GCC_WARN_UNUSED_VARIABLE = YES;
				IPHONEOS_DEPLOYMENT_TARGET = 17.4;
				LOCALIZATION_PREFERS_STRING_CATALOGS = YES;
				MTL_ENABLE_DEBUG_INFO = INCLUDE_SOURCE;
				MTL_FAST_MATH = YES;
				ONLY_ACTIVE_ARCH = YES;
				SDKROOT = iphoneos;
				SWIFT_ACTIVE_COMPILATION_CONDITIONS = "DEBUG $(inherited)";
				SWIFT_OPTIMIZATION_LEVEL = "-Onone";
			};
			name = Debug;
		};
		35251ACF2C58B5680055E56B /* Release */ = {
			isa = XCBuildConfiguration;
			buildSettings = {
				ALWAYS_SEARCH_USER_PATHS = NO;
				ASSETCATALOG_COMPILER_GENERATE_SWIFT_ASSET_SYMBOL_EXTENSIONS = YES;
				CLANG_ANALYZER_NONNULL = YES;
				CLANG_ANALYZER_NUMBER_OBJECT_CONVERSION = YES_AGGRESSIVE;
				CLANG_CXX_LANGUAGE_STANDARD = "gnu++20";
				CLANG_ENABLE_MODULES = YES;
				CLANG_ENABLE_OBJC_ARC = YES;
				CLANG_ENABLE_OBJC_WEAK = YES;
				CLANG_WARN_BLOCK_CAPTURE_AUTORELEASING = YES;
				CLANG_WARN_BOOL_CONVERSION = YES;
				CLANG_WARN_COMMA = YES;
				CLANG_WARN_CONSTANT_CONVERSION = YES;
				CLANG_WARN_DEPRECATED_OBJC_IMPLEMENTATIONS = YES;
				CLANG_WARN_DIRECT_OBJC_ISA_USAGE = YES_ERROR;
				CLANG_WARN_DOCUMENTATION_COMMENTS = YES;
				CLANG_WARN_EMPTY_BODY = YES;
				CLANG_WARN_ENUM_CONVERSION = YES;
				CLANG_WARN_INFINITE_RECURSION = YES;
				CLANG_WARN_INT_CONVERSION = YES;
				CLANG_WARN_NON_LITERAL_NULL_CONVERSION = YES;
				CLANG_WARN_OBJC_IMPLICIT_RETAIN_SELF = YES;
				CLANG_WARN_OBJC_LITERAL_CONVERSION = YES;
				CLANG_WARN_OBJC_ROOT_CLASS = YES_ERROR;
				CLANG_WARN_QUOTED_INCLUDE_IN_FRAMEWORK_HEADER = YES;
				CLANG_WARN_RANGE_LOOP_ANALYSIS = YES;
				CLANG_WARN_STRICT_PROTOTYPES = YES;
				CLANG_WARN_SUSPICIOUS_MOVE = YES;
				CLANG_WARN_UNGUARDED_AVAILABILITY = YES_AGGRESSIVE;
				CLANG_WARN_UNREACHABLE_CODE = YES;
				CLANG_WARN__DUPLICATE_METHOD_MATCH = YES;
				COPY_PHASE_STRIP = NO;
				DEBUG_INFORMATION_FORMAT = "dwarf-with-dsym";
				ENABLE_NS_ASSERTIONS = NO;
				ENABLE_STRICT_OBJC_MSGSEND = YES;
				ENABLE_USER_SCRIPT_SANDBOXING = YES;
				GCC_C_LANGUAGE_STANDARD = gnu17;
				GCC_NO_COMMON_BLOCKS = YES;
				GCC_WARN_64_TO_32_BIT_CONVERSION = YES;
				GCC_WARN_ABOUT_RETURN_TYPE = YES_ERROR;
				GCC_WARN_UNDECLARED_SELECTOR = YES;
				GCC_WARN_UNINITIALIZED_AUTOS = YES_AGGRESSIVE;
				GCC_WARN_UNUSED_FUNCTION = YES;
				GCC_WARN_UNUSED_VARIABLE = YES;
				IPHONEOS_DEPLOYMENT_TARGET = 17.4;
				LOCALIZATION_PREFERS_STRING_CATALOGS = YES;
				MTL_ENABLE_DEBUG_INFO = NO;
				MTL_FAST_MATH = YES;
				SDKROOT = iphoneos;
				SWIFT_COMPILATION_MODE = wholemodule;
				VALIDATE_PRODUCT = YES;
			};
			name = Release;
		};
		35251AD12C58B5680055E56B /* Debug */ = {
			isa = XCBuildConfiguration;
			buildSettings = {
				ASSETCATALOG_COMPILER_APPICON_NAME = AppIcon;
				ASSETCATALOG_COMPILER_GLOBAL_ACCENT_COLOR_NAME = AccentColor;
				CODE_SIGN_STYLE = Automatic;
				CURRENT_PROJECT_VERSION = 1;
				DEVELOPMENT_TEAM = F3724U2GB3;
				GENERATE_INFOPLIST_FILE = YES;
				INFOPLIST_FILE = RXSwifPractice/Info.plist;
				INFOPLIST_KEY_UIApplicationSupportsIndirectInputEvents = YES;
				INFOPLIST_KEY_UILaunchStoryboardName = LaunchScreen;
				INFOPLIST_KEY_UIMainStoryboardFile = "";
				INFOPLIST_KEY_UISupportedInterfaceOrientations = UIInterfaceOrientationPortrait;
				INFOPLIST_KEY_UISupportedInterfaceOrientations_iPad = "UIInterfaceOrientationLandscapeLeft UIInterfaceOrientationLandscapeRight UIInterfaceOrientationPortrait UIInterfaceOrientationPortraitUpsideDown";
				LD_RUNPATH_SEARCH_PATHS = (
					"$(inherited)",
					"@executable_path/Frameworks",
				);
				MARKETING_VERSION = 1.0;
				PRODUCT_BUNDLE_IDENTIFIER = joy.RXSwifPractice;
				PRODUCT_NAME = "$(TARGET_NAME)";
				SUPPORTED_PLATFORMS = "iphoneos iphonesimulator";
				SUPPORTS_MACCATALYST = NO;
				SUPPORTS_MAC_DESIGNED_FOR_IPHONE_IPAD = NO;
				SUPPORTS_XR_DESIGNED_FOR_IPHONE_IPAD = NO;
				SWIFT_EMIT_LOC_STRINGS = YES;
				SWIFT_VERSION = 5.0;
				TARGETED_DEVICE_FAMILY = 1;
			};
			name = Debug;
		};
		35251AD22C58B5680055E56B /* Release */ = {
			isa = XCBuildConfiguration;
			buildSettings = {
				ASSETCATALOG_COMPILER_APPICON_NAME = AppIcon;
				ASSETCATALOG_COMPILER_GLOBAL_ACCENT_COLOR_NAME = AccentColor;
				CODE_SIGN_STYLE = Automatic;
				CURRENT_PROJECT_VERSION = 1;
				DEVELOPMENT_TEAM = F3724U2GB3;
				GENERATE_INFOPLIST_FILE = YES;
				INFOPLIST_FILE = RXSwifPractice/Info.plist;
				INFOPLIST_KEY_UIApplicationSupportsIndirectInputEvents = YES;
				INFOPLIST_KEY_UILaunchStoryboardName = LaunchScreen;
				INFOPLIST_KEY_UIMainStoryboardFile = "";
				INFOPLIST_KEY_UISupportedInterfaceOrientations = UIInterfaceOrientationPortrait;
				INFOPLIST_KEY_UISupportedInterfaceOrientations_iPad = "UIInterfaceOrientationLandscapeLeft UIInterfaceOrientationLandscapeRight UIInterfaceOrientationPortrait UIInterfaceOrientationPortraitUpsideDown";
				LD_RUNPATH_SEARCH_PATHS = (
					"$(inherited)",
					"@executable_path/Frameworks",
				);
				MARKETING_VERSION = 1.0;
				PRODUCT_BUNDLE_IDENTIFIER = joy.RXSwifPractice;
				PRODUCT_NAME = "$(TARGET_NAME)";
				SUPPORTED_PLATFORMS = "iphoneos iphonesimulator";
				SUPPORTS_MACCATALYST = NO;
				SUPPORTS_MAC_DESIGNED_FOR_IPHONE_IPAD = NO;
				SUPPORTS_XR_DESIGNED_FOR_IPHONE_IPAD = NO;
				SWIFT_EMIT_LOC_STRINGS = YES;
				SWIFT_VERSION = 5.0;
				TARGETED_DEVICE_FAMILY = 1;
			};
			name = Release;
		};
/* End XCBuildConfiguration section */

/* Begin XCConfigurationList section */
		35251AB72C58B5670055E56B /* Build configuration list for PBXProject "RXSwifPractice" */ = {
			isa = XCConfigurationList;
			buildConfigurations = (
				35251ACE2C58B5680055E56B /* Debug */,
				35251ACF2C58B5680055E56B /* Release */,
			);
			defaultConfigurationIsVisible = 0;
			defaultConfigurationName = Release;
		};
		35251AD02C58B5680055E56B /* Build configuration list for PBXNativeTarget "RXSwifPractice" */ = {
			isa = XCConfigurationList;
			buildConfigurations = (
				35251AD12C58B5680055E56B /* Debug */,
				35251AD22C58B5680055E56B /* Release */,
			);
			defaultConfigurationIsVisible = 0;
			defaultConfigurationName = Release;
		};
/* End XCConfigurationList section */

/* Begin XCRemoteSwiftPackageReference section */
		35251ADF2C58CD0A0055E56B /* XCRemoteSwiftPackageReference "SnapKit" */ = {
			isa = XCRemoteSwiftPackageReference;
			repositoryURL = "https://github.com/SnapKit/SnapKit.git";
			requirement = {
				kind = upToNextMajorVersion;
				minimumVersion = 5.7.1;
			};
		};
		35251AE22C58CD250055E56B /* XCRemoteSwiftPackageReference "RxSwift" */ = {
			isa = XCRemoteSwiftPackageReference;
			repositoryURL = "https://github.com/ReactiveX/RxSwift.git";
			requirement = {
				kind = upToNextMajorVersion;
				minimumVersion = 6.7.1;
			};
		};
/* End XCRemoteSwiftPackageReference section */

/* Begin XCSwiftPackageProductDependency section */
		35251AE02C58CD0A0055E56B /* SnapKit */ = {
			isa = XCSwiftPackageProductDependency;
			package = 35251ADF2C58CD0A0055E56B /* XCRemoteSwiftPackageReference "SnapKit" */;
			productName = SnapKit;
		};
		35251AE32C58CD250055E56B /* RxCocoa */ = {
			isa = XCSwiftPackageProductDependency;
			package = 35251AE22C58CD250055E56B /* XCRemoteSwiftPackageReference "RxSwift" */;
			productName = RxCocoa;
		};
		35251AE52C58CD250055E56B /* RxSwift */ = {
			isa = XCSwiftPackageProductDependency;
			package = 35251AE22C58CD250055E56B /* XCRemoteSwiftPackageReference "RxSwift" */;
			productName = RxSwift;
		};
/* End XCSwiftPackageProductDependency section */
	};
	rootObject = 35251AB42C58B5670055E56B /* Project object */;
}
